
Microsoft Visual Studio Solution File, Format Version 12.00
# Visual Studio Version 17
VisualStudioVersion = 17.13.35919.96 d17.13
MinimumVisualStudioVersion = 10.0.40219.1
Project("{FAE04EC0-301F-11D3-BF4B-00C04F79EFBC}") = "CharsAndStrings", "CharsAndStrings\CharsAndStrings.csproj", "{817B7053-6460-4E57-8DA0-CC2BD4497BAD}"
EndProject
Global
	GlobalSection(SolutionConfigurationPlatforms) = preSolution
		Debug|Any CPU = Debug|Any CPU
		Release|Any CPU = Release|Any CPU
	EndGlobalSection
	GlobalSection(ProjectConfigurationPlatforms) = postSolution
		{817B7053-6460-4E57-8DA0-CC2BD4497BAD}.Debug|Any CPU.ActiveCfg = Debug|Any CPU
		{817B7053-6460-4E57-8DA0-CC2BD4497BAD}.Debug|Any CPU.Build.0 = Debug|Any CPU
		{817B7053-6460-4E57-8DA0-CC2BD4497BAD}.Release|Any CPU.ActiveCfg = Release|Any CPU
		{817B7053-6460-4E57-8DA0-CC2BD4497BAD}.Release|Any CPU.Build.0 = Release|Any CPU
	EndGlobalSection
	GlobalSection(SolutionProperties) = preSolution
		HideSolutionNode = FALSE
	EndGlobalSection
	GlobalSection(ExtensibilityGlobals) = postSolution
		SolutionGuid = {3A5B8722-630D-4E85-980D-DE94810129F1}
	EndGlobalSection
EndGlobal
