
Microsoft Visual Studio Solution File, Format Version 12.00
# Visual Studio Version 17
VisualStudioVersion = 17.13.35818.85 d17.13
MinimumVisualStudioVersion = 10.0.40219.1
Project("{FAE04EC0-301F-11D3-BF4B-00C04F79EFBC}") = "Conditional Statements (if-else)", "Conditional Statements (if-else)\Conditional Statements (if-else).csproj", "{3C9B580B-7BA8-46D1-A52E-A60BAA462239}"
EndProject
Global
	GlobalSection(SolutionConfigurationPlatforms) = preSolution
		Debug|Any CPU = Debug|Any CPU
		Release|Any CPU = Release|Any CPU
	EndGlobalSection
	GlobalSection(ProjectConfigurationPlatforms) = postSolution
		{3C9B580B-7BA8-46D1-A52E-A60BAA462239}.Debug|Any CPU.ActiveCfg = Debug|Any CPU
		{3C9B580B-7BA8-46D1-A52E-A60BAA462239}.Debug|Any CPU.Build.0 = Debug|Any CPU
		{3C9B580B-7BA8-46D1-A52E-A60BAA462239}.Release|Any CPU.ActiveCfg = Release|Any CPU
		{3C9B580B-7BA8-46D1-A52E-A60BAA462239}.Release|Any CPU.Build.0 = Release|Any CPU
	EndGlobalSection
	GlobalSection(SolutionProperties) = preSolution
		HideSolutionNode = FALSE
	EndGlobalSection
	GlobalSection(ExtensibilityGlobals) = postSolution
		SolutionGuid = {7C316DF8-D7F6-4AC0-B44F-C8BFD13C7E52}
	EndGlobalSection
EndGlobal
