
Microsoft Visual Studio Solution File, Format Version 12.00
# Visual Studio Version 17
VisualStudioVersion = 17.13.35818.85 d17.13
MinimumVisualStudioVersion = 10.0.40219.1
Project("{FAE04EC0-301F-11D3-BF4B-00C04F79EFBC}") = "Static Methods", "Static Methods\Static Methods.csproj", "{D8357AA5-A57C-418C-B0F6-7D1279EDF29E}"
EndProject
Global
	GlobalSection(SolutionConfigurationPlatforms) = preSolution
		Debug|Any CPU = Debug|Any CPU
		Release|Any CPU = Release|Any CPU
	EndGlobalSection
	GlobalSection(ProjectConfigurationPlatforms) = postSolution
		{D8357AA5-A57C-418C-B0F6-7D1279EDF29E}.Debug|Any CPU.ActiveCfg = Debug|Any CPU
		{D8357AA5-A57C-418C-B0F6-7D1279EDF29E}.Debug|Any CPU.Build.0 = Debug|Any CPU
		{D8357AA5-A57C-418C-B0F6-7D1279EDF29E}.Release|Any CPU.ActiveCfg = Release|Any CPU
		{D8357AA5-A57C-418C-B0F6-7D1279EDF29E}.Release|Any CPU.Build.0 = Release|Any CPU
	EndGlobalSection
	GlobalSection(SolutionProperties) = preSolution
		HideSolutionNode = FALSE
	EndGlobalSection
	GlobalSection(ExtensibilityGlobals) = postSolution
		SolutionGuid = {42F2BD90-4E62-4155-AFB9-C68E904099AF}
	EndGlobalSection
EndGlobal
