
Microsoft Visual Studio Solution File, Format Version 12.00
# Visual Studio Version 17
VisualStudioVersion = 17.13.35919.96 d17.13
MinimumVisualStudioVersion = 10.0.40219.1
Project("{FAE04EC0-301F-11D3-BF4B-00C04F79EFBC}") = "blazor-dashboard", "blazor-dashboard\blazor-dashboard.csproj", "{8B8CBC05-7B75-415A-9961-94FFC91223B1}"
EndProject
Global
	GlobalSection(SolutionConfigurationPlatforms) = preSolution
		Debug|Any CPU = Debug|Any CPU
		Release|Any CPU = Release|Any CPU
	EndGlobalSection
	GlobalSection(ProjectConfigurationPlatforms) = postSolution
		{8B8CBC05-7B75-415A-9961-94FFC91223B1}.Debug|Any CPU.ActiveCfg = Debug|Any CPU
		{8B8CBC05-7B75-415A-9961-94FFC91223B1}.Debug|Any CPU.Build.0 = Debug|Any CPU
		{8B8CBC05-7B75-415A-9961-94FFC91223B1}.Release|Any CPU.ActiveCfg = Release|Any CPU
		{8B8CBC05-7B75-415A-9961-94FFC91223B1}.Release|Any CPU.Build.0 = Release|Any CPU
	EndGlobalSection
	GlobalSection(SolutionProperties) = preSolution
		HideSolutionNode = FALSE
	EndGlobalSection
	GlobalSection(ExtensibilityGlobals) = postSolution
		SolutionGuid = {B93263F5-A110-4247-8D16-0134D5CB6489}
	EndGlobalSection
EndGlobal
